
Microsoft Visual Studio Solution File, Format Version 12.00
# Visual Studio Version 17
VisualStudioVersion = 17.0.32014.148
MinimumVisualStudioVersion = 10.0.40219.1
Project("{FAE04EC0-301F-11D3-BF4B-00C04F79EFBC}") = "DevOpsApp", "DevOpsApp\DevOpsApp.csproj", "{F35032FF-6598-4F79-891B-41E1145CA74F}"
EndProject
Global
	GlobalSection(SolutionConfigurationPlatforms) = preSolution
		Debug|Any CPU = Debug|Any CPU
		Release|Any CPU = Release|Any CPU
	EndGlobalSection
	GlobalSection(ProjectConfigurationPlatforms) = postSolution
		{F35032FF-6598-4F79-891B-41E1145CA74F}.Debug|Any CPU.ActiveCfg = Debug|Any CPU
		{F35032FF-6598-4F79-891B-41E1145CA74F}.Debug|Any CPU.Build.0 = Debug|Any CPU
		{F35032FF-6598-4F79-891B-41E1145CA74F}.Release|Any CPU.ActiveCfg = Release|Any CPU
		{F35032FF-6598-4F79-891B-41E1145CA74F}.Release|Any CPU.Build.0 = Release|Any CPU
	EndGlobalSection
	GlobalSection(SolutionProperties) = preSolution
		HideSolutionNode = FALSE
	EndGlobalSection
	GlobalSection(ExtensibilityGlobals) = postSolution
		SolutionGuid = {3B704D51-B5B4-4EB7-8046-FE90E7A04597}
	EndGlobalSection
EndGlobal
